{
  "version": "3",
  "packages": {
    "specifiers": {
      "npm:create-next-app@latest": "npm:create-next-app@14.2.11"
    },
    "npm": {
      "create-next-app@14.2.11": {
        "integrity": "sha512-505b6UE2eKCW4bg6tav7WK9PeKhjB4m0P7PJXYf7PQ2vQM4RB5Mc6zQN0nPSmY8ezatQu9dnb0kxOet50Y6HuQ==",
        "dependencies": {}
      }
    }
  },
  "remote": {},
  "workspace": {
    "packageJson": {
      "dependencies": [
        "npm:@tailwindcss/typography@^0.5.10",
        "npm:@types/node@^20.11.28",
        "npm:@types/react-dom@^18.2.22",
        "npm:@types/react@^18.2.66",
        "npm:@vercel/analytics@^1.3.1",
        "npm:@vercel/og@^0.6.2",
        "npm:autoprefixer@^10.4.18",
        "npm:clsx@^2.1.0",
        "npm:eslint-config-next@14.1.3",
        "npm:eslint@^8.57.0",
        "npm:next@14.1.3",
        "npm:postcss-apply@^0.12.0",
        "npm:postcss@^8.4.35",
        "npm:prettier@^3.2.5",
        "npm:react-dom@^18.2.0",
        "npm:react@^18.2.0",
        "npm:tailwind-merge@^2.2.2",
        "npm:tailwindcss@^3.4.1",
        "npm:typescript@^5.4.2"
      ]
    }
  }
}
